// !$*UTF8*$!
{
	archiveVersion = 1;
	classes = {
	};
	objectVersion = 46;
	objects = {

/* Begin PBXBuildFile section */
		DC009BC21CC108E70038BB77 /* main.cpp in Sources */ = {isa = PBXBuildFile; fileRef = DC009BC11CC108E70038BB77 /* main.cpp */; };
		DC009BC81CC1099B0038BB77 /* AbstractDatabase.cpp in Sources */ = {isa = PBXBuildFile; fileRef = DC009BC61CC1099B0038BB77 /* AbstractDatabase.cpp */; };
		DC009BCB1CC10A470038BB77 /* MockDatabase.cpp in Sources */ = {isa = PBXBuildFile; fileRef = DC009BC91CC10A470038BB77 /* MockDatabase.cpp */; };
		DC443F831CC42AC400A05CDE /* Client1.cpp in Sources */ = {isa = PBXBuildFile; fileRef = DC443F811CC42AC400A05CDE /* Client1.cpp */; };
		DC443F861CC42AD000A05CDE /* Client2.cpp in Sources */ = {isa = PBXBuildFile; fileRef = DC443F841CC42AD000A05CDE /* Client2.cpp */; };
		DCB4D1481CC0269C003A787B /* main.cpp in Sources */ = {isa = PBXBuildFile; fileRef = DCB4D1471CC0269C003A787B /* main.cpp */; };
		DCB4D14E1CC026C7003A787B /* Client.cpp in Sources */ = {isa = PBXBuildFile; fileRef = DCB4D14C1CC026C7003A787B /* Client.cpp */; };
		DCB4D1511CC026E7003A787B /* Base.cpp in Sources */ = {isa = PBXBuildFile; fileRef = DCB4D14F1CC026E7003A787B /* Base.cpp */; };
		DCB4D1541CC02752003A787B /* Derived.cpp in Sources */ = {isa = PBXBuildFile; fileRef = DCB4D1521CC02752003A787B /* Derived.cpp */; };
		DCB4D1571CC02A2E003A787B /* Derived2.cpp in Sources */ = {isa = PBXBuildFile; fileRef = DCB4D1551CC02A2E003A787B /* Derived2.cpp */; };
		DCB4D15A1CC02B3A003A787B /* Derived3.cpp in Sources */ = {isa = PBXBuildFile; fileRef = DCB4D1581CC02B3A003A787B /* Derived3.cpp */; };
		DCB4D1621CC02D56003A787B /* main.cpp in Sources */ = {isa = PBXBuildFile; fileRef = DCB4D1611CC02D56003A787B /* main.cpp */; };
		DCB4D1911CC05029003A787B /* main.cpp in Sources */ = {isa = PBXBuildFile; fileRef = DCB4D1901CC05029003A787B /* main.cpp */; };
		DCDF0CAF1CC4B05800CF36DA /* Circle.cpp in Sources */ = {isa = PBXBuildFile; fileRef = DCDF0CA51CC4B05800CF36DA /* Circle.cpp */; };
		DCDF0CB01CC4B05800CF36DA /* Circle.cpp in Sources */ = {isa = PBXBuildFile; fileRef = DCDF0CA51CC4B05800CF36DA /* Circle.cpp */; };
		DCDF0CB11CC4B05800CF36DA /* Circle.cpp in Sources */ = {isa = PBXBuildFile; fileRef = DCDF0CA51CC4B05800CF36DA /* Circle.cpp */; };
		DCDF0CB21CC4B05800CF36DA /* Circle.cpp in Sources */ = {isa = PBXBuildFile; fileRef = DCDF0CA51CC4B05800CF36DA /* Circle.cpp */; };
		DCDF0CB31CC4B05800CF36DA /* Circle.cpp in Sources */ = {isa = PBXBuildFile; fileRef = DCDF0CA51CC4B05800CF36DA /* Circle.cpp */; };
		DCDF0CB41CC4B05800CF36DA /* Point.cpp in Sources */ = {isa = PBXBuildFile; fileRef = DCDF0CA71CC4B05800CF36DA /* Point.cpp */; };
		DCDF0CB51CC4B05800CF36DA /* Point.cpp in Sources */ = {isa = PBXBuildFile; fileRef = DCDF0CA71CC4B05800CF36DA /* Point.cpp */; };
		DCDF0CB61CC4B05800CF36DA /* Point.cpp in Sources */ = {isa = PBXBuildFile; fileRef = DCDF0CA71CC4B05800CF36DA /* Point.cpp */; };
		DCDF0CB71CC4B05800CF36DA /* Point.cpp in Sources */ = {isa = PBXBuildFile; fileRef = DCDF0CA71CC4B05800CF36DA /* Point.cpp */; };
		DCDF0CB81CC4B05800CF36DA /* Point.cpp in Sources */ = {isa = PBXBuildFile; fileRef = DCDF0CA71CC4B05800CF36DA /* Point.cpp */; };
		DCDF0CB91CC4B05800CF36DA /* Rhomb.cpp in Sources */ = {isa = PBXBuildFile; fileRef = DCDF0CA91CC4B05800CF36DA /* Rhomb.cpp */; };
		DCDF0CBA1CC4B05800CF36DA /* Rhomb.cpp in Sources */ = {isa = PBXBuildFile; fileRef = DCDF0CA91CC4B05800CF36DA /* Rhomb.cpp */; };
		DCDF0CBB1CC4B05800CF36DA /* Rhomb.cpp in Sources */ = {isa = PBXBuildFile; fileRef = DCDF0CA91CC4B05800CF36DA /* Rhomb.cpp */; };
		DCDF0CBC1CC4B05800CF36DA /* Rhomb.cpp in Sources */ = {isa = PBXBuildFile; fileRef = DCDF0CA91CC4B05800CF36DA /* Rhomb.cpp */; };
		DCDF0CBD1CC4B05800CF36DA /* Rhomb.cpp in Sources */ = {isa = PBXBuildFile; fileRef = DCDF0CA91CC4B05800CF36DA /* Rhomb.cpp */; };
		DCDF0CBE1CC4B05800CF36DA /* Shape.cpp in Sources */ = {isa = PBXBuildFile; fileRef = DCDF0CAB1CC4B05800CF36DA /* Shape.cpp */; };
		DCDF0CBF1CC4B05800CF36DA /* Shape.cpp in Sources */ = {isa = PBXBuildFile; fileRef = DCDF0CAB1CC4B05800CF36DA /* Shape.cpp */; };
		DCDF0CC01CC4B05800CF36DA /* Shape.cpp in Sources */ = {isa = PBXBuildFile; fileRef = DCDF0CAB1CC4B05800CF36DA /* Shape.cpp */; };
		DCDF0CC11CC4B05800CF36DA /* Shape.cpp in Sources */ = {isa = PBXBuildFile; fileRef = DCDF0CAB1CC4B05800CF36DA /* Shape.cpp */; };
		DCDF0CC21CC4B05800CF36DA /* Shape.cpp in Sources */ = {isa = PBXBuildFile; fileRef = DCDF0CAB1CC4B05800CF36DA /* Shape.cpp */; };
		DCDF0CC31CC4B05800CF36DA /* Square.cpp in Sources */ = {isa = PBXBuildFile; fileRef = DCDF0CAD1CC4B05800CF36DA /* Square.cpp */; };
		DCDF0CC41CC4B05800CF36DA /* Square.cpp in Sources */ = {isa = PBXBuildFile; fileRef = DCDF0CAD1CC4B05800CF36DA /* Square.cpp */; };
		DCDF0CC51CC4B05800CF36DA /* Square.cpp in Sources */ = {isa = PBXBuildFile; fileRef = DCDF0CAD1CC4B05800CF36DA /* Square.cpp */; };
		DCDF0CC61CC4B05800CF36DA /* Square.cpp in Sources */ = {isa = PBXBuildFile; fileRef = DCDF0CAD1CC4B05800CF36DA /* Square.cpp */; };
		DCDF0CC71CC4B05800CF36DA /* Square.cpp in Sources */ = {isa = PBXBuildFile; fileRef = DCDF0CAD1CC4B05800CF36DA /* Square.cpp */; };
/* End PBXBuildFile section */

/* Begin PBXCopyFilesBuildPhase section */
		DC009BBD1CC108E70038BB77 /* CopyFiles */ = {
			isa = PBXCopyFilesBuildPhase;
			buildActionMask = 2147483647;
			dstPath = /usr/share/man/man1/;
			dstSubfolderSpec = 0;
			files = (
			);
			runOnlyForDeploymentPostprocessing = 1;
		};
		DC009BCE1CC1375F0038BB77 /* CopyFiles */ = {
			isa = PBXCopyFilesBuildPhase;
			buildActionMask = 2147483647;
			dstPath = /usr/share/man/man1/;
			dstSubfolderSpec = 0;
			files = (
			);
			runOnlyForDeploymentPostprocessing = 1;
		};
		DCB4D1431CC0269C003A787B /* CopyFiles */ = {
			isa = PBXCopyFilesBuildPhase;
			buildActionMask = 2147483647;
			dstPath = /usr/share/man/man1/;
			dstSubfolderSpec = 0;
			files = (
			);
			runOnlyForDeploymentPostprocessing = 1;
		};
		DCB4D15D1CC02D56003A787B /* CopyFiles */ = {
			isa = PBXCopyFilesBuildPhase;
			buildActionMask = 2147483647;
			dstPath = /usr/share/man/man1/;
			dstSubfolderSpec = 0;
			files = (
			);
			runOnlyForDeploymentPostprocessing = 1;
		};
		DCB4D18C1CC05029003A787B /* CopyFiles */ = {
			isa = PBXCopyFilesBuildPhase;
			buildActionMask = 2147483647;
			dstPath = /usr/share/man/man1/;
			dstSubfolderSpec = 0;
			files = (
			);
			runOnlyForDeploymentPostprocessing = 1;
		};
/* End PBXCopyFilesBuildPhase section */

/* Begin PBXFileReference section */
		DC009BBF1CC108E70038BB77 /* Zad3 */ = {isa = PBXFileReference; explicitFileType = "compiled.mach-o.executable"; includeInIndex = 0; path = Zad3; sourceTree = BUILT_PRODUCTS_DIR; };
		DC009BC11CC108E70038BB77 /* main.cpp */ = {isa = PBXFileReference; lastKnownFileType = sourcecode.cpp.cpp; path = main.cpp; sourceTree = "<group>"; };
		DC009BC61CC1099B0038BB77 /* AbstractDatabase.cpp */ = {isa = PBXFileReference; fileEncoding = 4; lastKnownFileType = sourcecode.cpp.cpp; path = AbstractDatabase.cpp; sourceTree = "<group>"; };
		DC009BC71CC1099B0038BB77 /* AbstractDatabase.hpp */ = {isa = PBXFileReference; fileEncoding = 4; lastKnownFileType = sourcecode.cpp.h; path = AbstractDatabase.hpp; sourceTree = "<group>"; };
		DC009BC91CC10A470038BB77 /* MockDatabase.cpp */ = {isa = PBXFileReference; fileEncoding = 4; lastKnownFileType = sourcecode.cpp.cpp; path = MockDatabase.cpp; sourceTree = "<group>"; };
		DC009BCA1CC10A470038BB77 /* MockDatabase.hpp */ = {isa = PBXFileReference; fileEncoding = 4; lastKnownFileType = sourcecode.cpp.h; path = MockDatabase.hpp; sourceTree = "<group>"; };
		DC009BD01CC1375F0038BB77 /* Zad4 */ = {isa = PBXFileReference; explicitFileType = "compiled.mach-o.executable"; includeInIndex = 0; path = Zad4; sourceTree = BUILT_PRODUCTS_DIR; };
		DC443F811CC42AC400A05CDE /* Client1.cpp */ = {isa = PBXFileReference; fileEncoding = 4; lastKnownFileType = sourcecode.cpp.cpp; path = Client1.cpp; sourceTree = "<group>"; };
		DC443F821CC42AC400A05CDE /* Client1.hpp */ = {isa = PBXFileReference; fileEncoding = 4; lastKnownFileType = sourcecode.cpp.h; path = Client1.hpp; sourceTree = "<group>"; };
		DC443F841CC42AD000A05CDE /* Client2.cpp */ = {isa = PBXFileReference; fileEncoding = 4; lastKnownFileType = sourcecode.cpp.cpp; path = Client2.cpp; sourceTree = "<group>"; };
		DC443F851CC42AD000A05CDE /* Client2.hpp */ = {isa = PBXFileReference; fileEncoding = 4; lastKnownFileType = sourcecode.cpp.h; path = Client2.hpp; sourceTree = "<group>"; };
		DCB4D1451CC0269C003A787B /* Zad1 */ = {isa = PBXFileReference; explicitFileType = "compiled.mach-o.executable"; includeInIndex = 0; path = Zad1; sourceTree = BUILT_PRODUCTS_DIR; };
		DCB4D1471CC0269C003A787B /* main.cpp */ = {isa = PBXFileReference; lastKnownFileType = sourcecode.cpp.cpp; path = main.cpp; sourceTree = "<group>"; };
		DCB4D14C1CC026C7003A787B /* Client.cpp */ = {isa = PBXFileReference; fileEncoding = 4; lastKnownFileType = sourcecode.cpp.cpp; path = Client.cpp; sourceTree = "<group>"; };
		DCB4D14D1CC026C7003A787B /* Client.hpp */ = {isa = PBXFileReference; fileEncoding = 4; lastKnownFileType = sourcecode.cpp.h; path = Client.hpp; sourceTree = "<group>"; };
		DCB4D14F1CC026E7003A787B /* Base.cpp */ = {isa = PBXFileReference; fileEncoding = 4; lastKnownFileType = sourcecode.cpp.cpp; path = Base.cpp; sourceTree = "<group>"; };
		DCB4D1501CC026E7003A787B /* Base.hpp */ = {isa = PBXFileReference; fileEncoding = 4; lastKnownFileType = sourcecode.cpp.h; path = Base.hpp; sourceTree = "<group>"; };
		DCB4D1521CC02752003A787B /* Derived.cpp */ = {isa = PBXFileReference; fileEncoding = 4; lastKnownFileType = sourcecode.cpp.cpp; path = Derived.cpp; sourceTree = "<group>"; };
		DCB4D1531CC02752003A787B /* Derived.hpp */ = {isa = PBXFileReference; fileEncoding = 4; lastKnownFileType = sourcecode.cpp.h; path = Derived.hpp; sourceTree = "<group>"; };
		DCB4D1551CC02A2E003A787B /* Derived2.cpp */ = {isa = PBXFileReference; fileEncoding = 4; lastKnownFileType = sourcecode.cpp.cpp; path = Derived2.cpp; sourceTree = "<group>"; };
		DCB4D1561CC02A2E003A787B /* Derived2.hpp */ = {isa = PBXFileReference; fileEncoding = 4; lastKnownFileType = sourcecode.cpp.h; path = Derived2.hpp; sourceTree = "<group>"; };
		DCB4D1581CC02B3A003A787B /* Derived3.cpp */ = {isa = PBXFileReference; fileEncoding = 4; lastKnownFileType = sourcecode.cpp.cpp; path = Derived3.cpp; sourceTree = "<group>"; };
		DCB4D1591CC02B3A003A787B /* Derived3.hpp */ = {isa = PBXFileReference; fileEncoding = 4; lastKnownFileType = sourcecode.cpp.h; path = Derived3.hpp; sourceTree = "<group>"; };
		DCB4D15F1CC02D56003A787B /* Zad2 */ = {isa = PBXFileReference; explicitFileType = "compiled.mach-o.executable"; includeInIndex = 0; path = Zad2; sourceTree = BUILT_PRODUCTS_DIR; };
		DCB4D1611CC02D56003A787B /* main.cpp */ = {isa = PBXFileReference; lastKnownFileType = sourcecode.cpp.cpp; path = main.cpp; sourceTree = "<group>"; };
		DCB4D18E1CC05029003A787B /* Zad20K */ = {isa = PBXFileReference; explicitFileType = "compiled.mach-o.executable"; includeInIndex = 0; path = Zad20K; sourceTree = BUILT_PRODUCTS_DIR; };
		DCB4D1901CC05029003A787B /* main.cpp */ = {isa = PBXFileReference; lastKnownFileType = sourcecode.cpp.cpp; path = main.cpp; sourceTree = "<group>"; };
		DCDF0CA51CC4B05800CF36DA /* Circle.cpp */ = {isa = PBXFileReference; fileEncoding = 4; lastKnownFileType = sourcecode.cpp.cpp; path = Circle.cpp; sourceTree = "<group>"; };
		DCDF0CA61CC4B05800CF36DA /* Circle.hpp */ = {isa = PBXFileReference; fileEncoding = 4; lastKnownFileType = sourcecode.cpp.h; path = Circle.hpp; sourceTree = "<group>"; };
		DCDF0CA71CC4B05800CF36DA /* Point.cpp */ = {isa = PBXFileReference; fileEncoding = 4; lastKnownFileType = sourcecode.cpp.cpp; path = Point.cpp; sourceTree = "<group>"; };
		DCDF0CA81CC4B05800CF36DA /* Point.hpp */ = {isa = PBXFileReference; fileEncoding = 4; lastKnownFileType = sourcecode.cpp.h; path = Point.hpp; sourceTree = "<group>"; };
		DCDF0CA91CC4B05800CF36DA /* Rhomb.cpp */ = {isa = PBXFileReference; fileEncoding = 4; lastKnownFileType = sourcecode.cpp.cpp; path = Rhomb.cpp; sourceTree = "<group>"; };
		DCDF0CAA1CC4B05800CF36DA /* Rhomb.hpp */ = {isa = PBXFileReference; fileEncoding = 4; lastKnownFileType = sourcecode.cpp.h; path = Rhomb.hpp; sourceTree = "<group>"; };
		DCDF0CAB1CC4B05800CF36DA /* Shape.cpp */ = {isa = PBXFileReference; fileEncoding = 4; lastKnownFileType = sourcecode.cpp.cpp; path = Shape.cpp; sourceTree = "<group>"; };
		DCDF0CAC1CC4B05800CF36DA /* Shape.hpp */ = {isa = PBXFileReference; fileEncoding = 4; lastKnownFileType = sourcecode.cpp.h; path = Shape.hpp; sourceTree = "<group>"; };
		DCDF0CAD1CC4B05800CF36DA /* Square.cpp */ = {isa = PBXFileReference; fileEncoding = 4; lastKnownFileType = sourcecode.cpp.cpp; path = Square.cpp; sourceTree = "<group>"; };
		DCDF0CAE1CC4B05800CF36DA /* Square.hpp */ = {isa = PBXFileReference; fileEncoding = 4; lastKnownFileType = sourcecode.cpp.h; path = Square.hpp; sourceTree = "<group>"; };
/* End PBXFileReference section */

/* Begin PBXFrameworksBuildPhase section */
		DC009BBC1CC108E70038BB77 /* Frameworks */ = {
			isa = PBXFrameworksBuildPhase;
			buildActionMask = 2147483647;
			files = (
			);
			runOnlyForDeploymentPostprocessing = 0;
		};
		DC009BCD1CC1375F0038BB77 /* Frameworks */ = {
			isa = PBXFrameworksBuildPhase;
			buildActionMask = 2147483647;
			files = (
			);
			runOnlyForDeploymentPostprocessing = 0;
		};
		DCB4D1421CC0269C003A787B /* Frameworks */ = {
			isa = PBXFrameworksBuildPhase;
			buildActionMask = 2147483647;
			files = (
			);
			runOnlyForDeploymentPostprocessing = 0;
		};
		DCB4D15C1CC02D56003A787B /* Frameworks */ = {
			isa = PBXFrameworksBuildPhase;
			buildActionMask = 2147483647;
			files = (
			);
			runOnlyForDeploymentPostprocessing = 0;
		};
		DCB4D18B1CC05029003A787B /* Frameworks */ = {
			isa = PBXFrameworksBuildPhase;
			buildActionMask = 2147483647;
			files = (
			);
			runOnlyForDeploymentPostprocessing = 0;
		};
/* End PBXFrameworksBuildPhase section */

/* Begin PBXGroup section */
		DC009BC01CC108E70038BB77 /* Zad3 */ = {
			isa = PBXGroup;
			children = (
				DC009BC11CC108E70038BB77 /* main.cpp */,
				DC009BC61CC1099B0038BB77 /* AbstractDatabase.cpp */,
				DC009BC71CC1099B0038BB77 /* AbstractDatabase.hpp */,
				DC009BC91CC10A470038BB77 /* MockDatabase.cpp */,
				DC009BCA1CC10A470038BB77 /* MockDatabase.hpp */,
				DC443F811CC42AC400A05CDE /* Client1.cpp */,
				DC443F821CC42AC400A05CDE /* Client1.hpp */,
				DC443F841CC42AD000A05CDE /* Client2.cpp */,
				DC443F851CC42AD000A05CDE /* Client2.hpp */,
			);
			path = Zad3;
			sourceTree = "<group>";
		};
		DCB4D1221CC02646003A787B = {
			isa = PBXGroup;
			children = (
				DCB4D1461CC0269C003A787B /* Zad1 */,
				DCB4D1601CC02D56003A787B /* Zad2 */,
				DCB4D18F1CC05029003A787B /* Zad20K */,
				DC009BC01CC108E70038BB77 /* Zad3 */,
				DCB4D12C1CC02647003A787B /* Products */,
			);
			sourceTree = "<group>";
		};
		DCB4D12C1CC02647003A787B /* Products */ = {
			isa = PBXGroup;
			children = (
				DCB4D1451CC0269C003A787B /* Zad1 */,
				DCB4D15F1CC02D56003A787B /* Zad2 */,
				DCB4D18E1CC05029003A787B /* Zad20K */,
				DC009BBF1CC108E70038BB77 /* Zad3 */,
				DC009BD01CC1375F0038BB77 /* Zad4 */,
			);
			name = Products;
			sourceTree = "<group>";
		};
		DCB4D1461CC0269C003A787B /* Zad1 */ = {
			isa = PBXGroup;
			children = (
				DCB4D1471CC0269C003A787B /* main.cpp */,
				DCB4D14D1CC026C7003A787B /* Client.hpp */,
				DCB4D14C1CC026C7003A787B /* Client.cpp */,
				DCB4D1501CC026E7003A787B /* Base.hpp */,
				DCB4D14F1CC026E7003A787B /* Base.cpp */,
				DCB4D1531CC02752003A787B /* Derived.hpp */,
				DCB4D1521CC02752003A787B /* Derived.cpp */,
				DCB4D1561CC02A2E003A787B /* Derived2.hpp */,
				DCB4D1551CC02A2E003A787B /* Derived2.cpp */,
				DCB4D1591CC02B3A003A787B /* Derived3.hpp */,
				DCB4D1581CC02B3A003A787B /* Derived3.cpp */,
			);
			path = Zad1;
			sourceTree = "<group>";
		};
		DCB4D1601CC02D56003A787B /* Zad2 */ = {
			isa = PBXGroup;
			children = (
				DCB4D1611CC02D56003A787B /* main.cpp */,
			);
			path = Zad2;
			sourceTree = "<group>";
		};
		DCB4D18F1CC05029003A787B /* Zad20K */ = {
			isa = PBXGroup;
			children = (
				DCB4D1901CC05029003A787B /* main.cpp */,
				DCDF0CA51CC4B05800CF36DA /* Circle.cpp */,
				DCDF0CA61CC4B05800CF36DA /* Circle.hpp */,
				DCDF0CA71CC4B05800CF36DA /* Point.cpp */,
				DCDF0CA81CC4B05800CF36DA /* Point.hpp */,
				DCDF0CA91CC4B05800CF36DA /* Rhomb.cpp */,
				DCDF0CAA1CC4B05800CF36DA /* Rhomb.hpp */,
				DCDF0CAB1CC4B05800CF36DA /* Shape.cpp */,
				DCDF0CAC1CC4B05800CF36DA /* Shape.hpp */,
				DCDF0CAD1CC4B05800CF36DA /* Square.cpp */,
				DCDF0CAE1CC4B05800CF36DA /* Square.hpp */,
			);
			path = Zad20K;
			sourceTree = "<group>";
		};
/* End PBXGroup section */

/* Begin PBXNativeTarget section */
		DC009BBE1CC108E70038BB77 /* Zad3 */ = {
			isa = PBXNativeTarget;
			buildConfigurationList = DC009BC51CC108E70038BB77 /* Build configuration list for PBXNativeTarget "Zad3" */;
			buildPhases = (
				DC009BBB1CC108E70038BB77 /* Sources */,
				DC009BBC1CC108E70038BB77 /* Frameworks */,
				DC009BBD1CC108E70038BB77 /* CopyFiles */,
			);
			buildRules = (
			);
			dependencies = (
			);
			name = Zad3;
			productName = Zad3;
			productReference = DC009BBF1CC108E70038BB77 /* Zad3 */;
			productType = "com.apple.product-type.tool";
		};
		DC009BCF1CC1375F0038BB77 /* Zad4 */ = {
			isa = PBXNativeTarget;
			buildConfigurationList = DC009BD41CC1375F0038BB77 /* Build configuration list for PBXNativeTarget "Zad4" */;
			buildPhases = (
				DC009BCC1CC1375F0038BB77 /* Sources */,
				DC009BCD1CC1375F0038BB77 /* Frameworks */,
				DC009BCE1CC1375F0038BB77 /* CopyFiles */,
			);
			buildRules = (
			);
			dependencies = (
			);
			name = Zad4;
			productName = Zad4;
			productReference = DC009BD01CC1375F0038BB77 /* Zad4 */;
			productType = "com.apple.product-type.tool";
		};
		DCB4D1441CC0269C003A787B /* Zad1 */ = {
			isa = PBXNativeTarget;
			buildConfigurationList = DCB4D1491CC0269C003A787B /* Build configuration list for PBXNativeTarget "Zad1" */;
			buildPhases = (
				DCB4D1411CC0269C003A787B /* Sources */,
				DCB4D1421CC0269C003A787B /* Frameworks */,
				DCB4D1431CC0269C003A787B /* CopyFiles */,
			);
			buildRules = (
			);
			dependencies = (
			);
			name = Zad1;
			productName = Zad1;
			productReference = DCB4D1451CC0269C003A787B /* Zad1 */;
			productType = "com.apple.product-type.tool";
		};
		DCB4D15E1CC02D56003A787B /* Zad2 */ = {
			isa = PBXNativeTarget;
			buildConfigurationList = DCB4D1631CC02D56003A787B /* Build configuration list for PBXNativeTarget "Zad2" */;
			buildPhases = (
				DCB4D15B1CC02D56003A787B /* Sources */,
				DCB4D15C1CC02D56003A787B /* Frameworks */,
				DCB4D15D1CC02D56003A787B /* CopyFiles */,
			);
			buildRules = (
			);
			dependencies = (
			);
			name = Zad2;
			productName = Zad2;
			productReference = DCB4D15F1CC02D56003A787B /* Zad2 */;
			productType = "com.apple.product-type.tool";
		};
		DCB4D18D1CC05029003A787B /* Zad20K */ = {
			isa = PBXNativeTarget;
			buildConfigurationList = DCB4D1921CC05029003A787B /* Build configuration list for PBXNativeTarget "Zad20K" */;
			buildPhases = (
				DCB4D18A1CC05029003A787B /* Sources */,
				DCB4D18B1CC05029003A787B /* Frameworks */,
				DCB4D18C1CC05029003A787B /* CopyFiles */,
			);
			buildRules = (
			);
			dependencies = (
			);
			name = Zad20K;
			productName = Zad20K;
			productReference = DCB4D18E1CC05029003A787B /* Zad20K */;
			productType = "com.apple.product-type.tool";
		};
/* End PBXNativeTarget section */

/* Begin PBXProject section */
		DCB4D1231CC02646003A787B /* Project object */ = {
			isa = PBXProject;
			attributes = {
				LastUpgradeCheck = 0730;
				ORGANIZATIONNAME = "Filip Gulan";
				TargetAttributes = {
					DC009BBE1CC108E70038BB77 = {
						CreatedOnToolsVersion = 7.3;
					};
					DC009BCF1CC1375F0038BB77 = {
						CreatedOnToolsVersion = 7.3;
					};
					DCB4D1441CC0269C003A787B = {
						CreatedOnToolsVersion = 7.3;
					};
					DCB4D15E1CC02D56003A787B = {
						CreatedOnToolsVersion = 7.3;
					};
					DCB4D18D1CC05029003A787B = {
						CreatedOnToolsVersion = 7.3;
					};
				};
			};
			buildConfigurationList = DCB4D1261CC02646003A787B /* Build configuration list for PBXProject "OOuP - Lab 2" */;
			compatibilityVersion = "Xcode 3.2";
			developmentRegion = English;
			hasScannedForEncodings = 0;
			knownRegions = (
				en,
			);
			mainGroup = DCB4D1221CC02646003A787B;
			productRefGroup = DCB4D12C1CC02647003A787B /* Products */;
			projectDirPath = "";
			projectRoot = "";
			targets = (
				DCB4D1441CC0269C003A787B /* Zad1 */,
				DCB4D15E1CC02D56003A787B /* Zad2 */,
				DCB4D18D1CC05029003A787B /* Zad20K */,
				DC009BBE1CC108E70038BB77 /* Zad3 */,
				DC009BCF1CC1375F0038BB77 /* Zad4 */,
			);
		};
/* End PBXProject section */

/* Begin PBXSourcesBuildPhase section */
		DC009BBB1CC108E70038BB77 /* Sources */ = {
			isa = PBXSourcesBuildPhase;
			buildActionMask = 2147483647;
			files = (
				DCDF0CC61CC4B05800CF36DA /* Square.cpp in Sources */,
				DC443F861CC42AD000A05CDE /* Client2.cpp in Sources */,
				DCDF0CB21CC4B05800CF36DA /* Circle.cpp in Sources */,
				DCDF0CBC1CC4B05800CF36DA /* Rhomb.cpp in Sources */,
				DC443F831CC42AC400A05CDE /* Client1.cpp in Sources */,
				DC009BCB1CC10A470038BB77 /* MockDatabase.cpp in Sources */,
				DC009BC81CC1099B0038BB77 /* AbstractDatabase.cpp in Sources */,
				DCDF0CB71CC4B05800CF36DA /* Point.cpp in Sources */,
				DC009BC21CC108E70038BB77 /* main.cpp in Sources */,
				DCDF0CC11CC4B05800CF36DA /* Shape.cpp in Sources */,
			);
			runOnlyForDeploymentPostprocessing = 0;
		};
		DC009BCC1CC1375F0038BB77 /* Sources */ = {
			isa = PBXSourcesBuildPhase;
			buildActionMask = 2147483647;
			files = (
				DCDF0CC71CC4B05800CF36DA /* Square.cpp in Sources */,
				DCDF0CB81CC4B05800CF36DA /* Point.cpp in Sources */,
				DCDF0CB31CC4B05800CF36DA /* Circle.cpp in Sources */,
				DCDF0CBD1CC4B05800CF36DA /* Rhomb.cpp in Sources */,
				DCDF0CC21CC4B05800CF36DA /* Shape.cpp in Sources */,
			);
			runOnlyForDeploymentPostprocessing = 0;
		};
		DCB4D1411CC0269C003A787B /* Sources */ = {
			isa = PBXSourcesBuildPhase;
			buildActionMask = 2147483647;
			files = (
				DCDF0CAF1CC4B05800CF36DA /* Circle.cpp in Sources */,
				DCB4D1511CC026E7003A787B /* Base.cpp in Sources */,
				DCB4D1571CC02A2E003A787B /* Derived2.cpp in Sources */,
				DCDF0CC31CC4B05800CF36DA /* Square.cpp in Sources */,
				DCB4D14E1CC026C7003A787B /* Client.cpp in Sources */,
				DCDF0CB41CC4B05800CF36DA /* Point.cpp in Sources */,
				DCB4D1481CC0269C003A787B /* main.cpp in Sources */,
				DCB4D1541CC02752003A787B /* Derived.cpp in Sources */,
				DCDF0CBE1CC4B05800CF36DA /* Shape.cpp in Sources */,
				DCB4D15A1CC02B3A003A787B /* Derived3.cpp in Sources */,
				DCDF0CB91CC4B05800CF36DA /* Rhomb.cpp in Sources */,
			);
			runOnlyForDeploymentPostprocessing = 0;
		};
		DCB4D15B1CC02D56003A787B /* Sources */ = {
			isa = PBXSourcesBuildPhase;
			buildActionMask = 2147483647;
			files = (
				DCDF0CB51CC4B05800CF36DA /* Point.cpp in Sources */,
				DCB4D1621CC02D56003A787B /* main.cpp in Sources */,
				DCDF0CBF1CC4B05800CF36DA /* Shape.cpp in Sources */,
				DCDF0CBA1CC4B05800CF36DA /* Rhomb.cpp in Sources */,
				DCDF0CC41CC4B05800CF36DA /* Square.cpp in Sources */,
				DCDF0CB01CC4B05800CF36DA /* Circle.cpp in Sources */,
			);
			runOnlyForDeploymentPostprocessing = 0;
		};
		DCB4D18A1CC05029003A787B /* Sources */ = {
			isa = PBXSourcesBuildPhase;
			buildActionMask = 2147483647;
			files = (
				DCDF0CB11CC4B05800CF36DA /* Circle.cpp in Sources */,
				DCDF0CC51CC4B05800CF36DA /* Square.cpp in Sources */,
				DCDF0CB61CC4B05800CF36DA /* Point.cpp in Sources */,
				DCB4D1911CC05029003A787B /* main.cpp in Sources */,
				DCDF0CC01CC4B05800CF36DA /* Shape.cpp in Sources */,
				DCDF0CBB1CC4B05800CF36DA /* Rhomb.cpp in Sources */,
			);
			runOnlyForDeploymentPostprocessing = 0;
		};
/* End PBXSourcesBuildPhase section */

/* Begin XCBuildConfiguration section */
		DC009BC31CC108E70038BB77 /* Debug */ = {
			isa = XCBuildConfiguration;
			buildSettings = {
				PRODUCT_NAME = "$(TARGET_NAME)";
			};
			name = Debug;
		};
		DC009BC41CC108E70038BB77 /* Release */ = {
			isa = XCBuildConfiguration;
			buildSettings = {
				PRODUCT_NAME = "$(TARGET_NAME)";
			};
			name = Release;
		};
		DC009BD51CC1375F0038BB77 /* Debug */ = {
			isa = XCBuildConfiguration;
			buildSettings = {
				PRODUCT_NAME = "$(TARGET_NAME)";
			};
			name = Debug;
		};
		DC009BD61CC1375F0038BB77 /* Release */ = {
			isa = XCBuildConfiguration;
			buildSettings = {
				PRODUCT_NAME = "$(TARGET_NAME)";
			};
			name = Release;
		};
		DCB4D1301CC02647003A787B /* Debug */ = {
			isa = XCBuildConfiguration;
			buildSettings = {
				ALWAYS_SEARCH_USER_PATHS = NO;
				CLANG_ANALYZER_NONNULL = YES;
				CLANG_CXX_LANGUAGE_STANDARD = "gnu++0x";
				CLANG_CXX_LIBRARY = "libc++";
				CLANG_ENABLE_MODULES = YES;
				CLANG_ENABLE_OBJC_ARC = YES;
				CLANG_WARN_BOOL_CONVERSION = YES;
				CLANG_WARN_CONSTANT_CONVERSION = YES;
				CLANG_WARN_DIRECT_OBJC_ISA_USAGE = YES_ERROR;
				CLANG_WARN_EMPTY_BODY = YES;
				CLANG_WARN_ENUM_CONVERSION = YES;
				CLANG_WARN_INT_CONVERSION = YES;
				CLANG_WARN_OBJC_ROOT_CLASS = YES_ERROR;
				CLANG_WARN_UNREACHABLE_CODE = YES;
				CLANG_WARN__DUPLICATE_METHOD_MATCH = YES;
				CODE_SIGN_IDENTITY = "-";
				COPY_PHASE_STRIP = NO;
				DEBUG_INFORMATION_FORMAT = dwarf;
				ENABLE_STRICT_OBJC_MSGSEND = YES;
				ENABLE_TESTABILITY = YES;
				GCC_C_LANGUAGE_STANDARD = gnu99;
				GCC_DYNAMIC_NO_PIC = NO;
				GCC_NO_COMMON_BLOCKS = YES;
				GCC_OPTIMIZATION_LEVEL = 0;
				GCC_PREPROCESSOR_DEFINITIONS = (
					"DEBUG=1",
					"$(inherited)",
				);
				GCC_WARN_64_TO_32_BIT_CONVERSION = YES;
				GCC_WARN_ABOUT_RETURN_TYPE = YES_ERROR;
				GCC_WARN_UNDECLARED_SELECTOR = YES;
				GCC_WARN_UNINITIALIZED_AUTOS = YES_AGGRESSIVE;
				GCC_WARN_UNUSED_FUNCTION = YES;
				GCC_WARN_UNUSED_VARIABLE = YES;
				MACOSX_DEPLOYMENT_TARGET = 10.11;
				MTL_ENABLE_DEBUG_INFO = YES;
				ONLY_ACTIVE_ARCH = YES;
				SDKROOT = macosx;
			};
			name = Debug;
		};
		DCB4D1311CC02647003A787B /* Release */ = {
			isa = XCBuildConfiguration;
			buildSettings = {
				ALWAYS_SEARCH_USER_PATHS = NO;
				CLANG_ANALYZER_NONNULL = YES;
				CLANG_CXX_LANGUAGE_STANDARD = "gnu++0x";
				CLANG_CXX_LIBRARY = "libc++";
				CLANG_ENABLE_MODULES = YES;
				CLANG_ENABLE_OBJC_ARC = YES;
				CLANG_WARN_BOOL_CONVERSION = YES;
				CLANG_WARN_CONSTANT_CONVERSION = YES;
				CLANG_WARN_DIRECT_OBJC_ISA_USAGE = YES_ERROR;
				CLANG_WARN_EMPTY_BODY = YES;
				CLANG_WARN_ENUM_CONVERSION = YES;
				CLANG_WARN_INT_CONVERSION = YES;
				CLANG_WARN_OBJC_ROOT_CLASS = YES_ERROR;
				CLANG_WARN_UNREACHABLE_CODE = YES;
				CLANG_WARN__DUPLICATE_METHOD_MATCH = YES;
				CODE_SIGN_IDENTITY = "-";
				COPY_PHASE_STRIP = NO;
				DEBUG_INFORMATION_FORMAT = "dwarf-with-dsym";
				ENABLE_NS_ASSERTIONS = NO;
				ENABLE_STRICT_OBJC_MSGSEND = YES;
				GCC_C_LANGUAGE_STANDARD = gnu99;
				GCC_NO_COMMON_BLOCKS = YES;
				GCC_WARN_64_TO_32_BIT_CONVERSION = YES;
				GCC_WARN_ABOUT_RETURN_TYPE = YES_ERROR;
				GCC_WARN_UNDECLARED_SELECTOR = YES;
				GCC_WARN_UNINITIALIZED_AUTOS = YES_AGGRESSIVE;
				GCC_WARN_UNUSED_FUNCTION = YES;
				GCC_WARN_UNUSED_VARIABLE = YES;
				MACOSX_DEPLOYMENT_TARGET = 10.11;
				MTL_ENABLE_DEBUG_INFO = NO;
				SDKROOT = macosx;
			};
			name = Release;
		};
		DCB4D14A1CC0269C003A787B /* Debug */ = {
			isa = XCBuildConfiguration;
			buildSettings = {
				PRODUCT_NAME = "$(TARGET_NAME)";
			};
			name = Debug;
		};
		DCB4D14B1CC0269C003A787B /* Release */ = {
			isa = XCBuildConfiguration;
			buildSettings = {
				PRODUCT_NAME = "$(TARGET_NAME)";
			};
			name = Release;
		};
		DCB4D1641CC02D56003A787B /* Debug */ = {
			isa = XCBuildConfiguration;
			buildSettings = {
				PRODUCT_NAME = "$(TARGET_NAME)";
			};
			name = Debug;
		};
		DCB4D1651CC02D56003A787B /* Release */ = {
			isa = XCBuildConfiguration;
			buildSettings = {
				PRODUCT_NAME = "$(TARGET_NAME)";
			};
			name = Release;
		};
		DCB4D1931CC05029003A787B /* Debug */ = {
			isa = XCBuildConfiguration;
			buildSettings = {
				PRODUCT_NAME = "$(TARGET_NAME)";
			};
			name = Debug;
		};
		DCB4D1941CC05029003A787B /* Release */ = {
			isa = XCBuildConfiguration;
			buildSettings = {
				PRODUCT_NAME = "$(TARGET_NAME)";
			};
			name = Release;
		};
/* End XCBuildConfiguration section */

/* Begin XCConfigurationList section */
		DC009BC51CC108E70038BB77 /* Build configuration list for PBXNativeTarget "Zad3" */ = {
			isa = XCConfigurationList;
			buildConfigurations = (
				DC009BC31CC108E70038BB77 /* Debug */,
				DC009BC41CC108E70038BB77 /* Release */,
			);
			defaultConfigurationIsVisible = 0;
			defaultConfigurationName = Release;
		};
		DC009BD41CC1375F0038BB77 /* Build configuration list for PBXNativeTarget "Zad4" */ = {
			isa = XCConfigurationList;
			buildConfigurations = (
				DC009BD51CC1375F0038BB77 /* Debug */,
				DC009BD61CC1375F0038BB77 /* Release */,
			);
			defaultConfigurationIsVisible = 0;
			defaultConfigurationName = Release;
		};
		DCB4D1261CC02646003A787B /* Build configuration list for PBXProject "OOuP - Lab 2" */ = {
			isa = XCConfigurationList;
			buildConfigurations = (
				DCB4D1301CC02647003A787B /* Debug */,
				DCB4D1311CC02647003A787B /* Release */,
			);
			defaultConfigurationIsVisible = 0;
			defaultConfigurationName = Release;
		};
		DCB4D1491CC0269C003A787B /* Build configuration list for PBXNativeTarget "Zad1" */ = {
			isa = XCConfigurationList;
			buildConfigurations = (
				DCB4D14A1CC0269C003A787B /* Debug */,
				DCB4D14B1CC0269C003A787B /* Release */,
			);
			defaultConfigurationIsVisible = 0;
			defaultConfigurationName = Release;
		};
		DCB4D1631CC02D56003A787B /* Build configuration list for PBXNativeTarget "Zad2" */ = {
			isa = XCConfigurationList;
			buildConfigurations = (
				DCB4D1641CC02D56003A787B /* Debug */,
				DCB4D1651CC02D56003A787B /* Release */,
			);
			defaultConfigurationIsVisible = 0;
			defaultConfigurationName = Release;
		};
		DCB4D1921CC05029003A787B /* Build configuration list for PBXNativeTarget "Zad20K" */ = {
			isa = XCConfigurationList;
			buildConfigurations = (
				DCB4D1931CC05029003A787B /* Debug */,
				DCB4D1941CC05029003A787B /* Release */,
			);
			defaultConfigurationIsVisible = 0;
			defaultConfigurationName = Release;
		};
/* End XCConfigurationList section */
	};
	rootObject = DCB4D1231CC02646003A787B /* Project object */;
}
